
Microsoft Visual Studio Solution File, Format Version 12.00
# Visual Studio 2012
Project("{FAE04EC0-301F-11D3-BF4B-00C04F79EFBC}") = "3DPrototyp", "3DPrototyp\3DPrototyp\3DPrototyp.csproj", "{EC77D7C2-C0A0-45EE-9AC1-C534CF229DF6}"
EndProject
Project("{96E2B04D-8817-42C6-938A-82C39BA4D311}") = "3DPrototypContent", "3DPrototyp\3DPrototypContent\3DPrototypContent.contentproj", "{47BF3FC2-6283-4877-8B72-897A6B3C212E}"
EndProject
Global
	GlobalSection(SolutionConfigurationPlatforms) = preSolution
		Debug|x86 = Debug|x86
		Release|x86 = Release|x86
	EndGlobalSection
	GlobalSection(ProjectConfigurationPlatforms) = postSolution
		{EC77D7C2-C0A0-45EE-9AC1-C534CF229DF6}.Debug|x86.ActiveCfg = Debug|x86
		{EC77D7C2-C0A0-45EE-9AC1-C534CF229DF6}.Debug|x86.Build.0 = Debug|x86
		{EC77D7C2-C0A0-45EE-9AC1-C534CF229DF6}.Release|x86.ActiveCfg = Release|x86
		{EC77D7C2-C0A0-45EE-9AC1-C534CF229DF6}.Release|x86.Build.0 = Release|x86
		{47BF3FC2-6283-4877-8B72-897A6B3C212E}.Debug|x86.ActiveCfg = Debug|x86
		{47BF3FC2-6283-4877-8B72-897A6B3C212E}.Release|x86.ActiveCfg = Release|x86
	EndGlobalSection
	GlobalSection(SolutionProperties) = preSolution
		HideSolutionNode = FALSE
	EndGlobalSection
EndGlobal
